
Microsoft Visual Studio Solution File, Format Version 12.00
# Visual Studio Version 17
VisualStudioVersion = 17.6.33815.320
MinimumVisualStudioVersion = 10.0.40219.1
Project("{FAE04EC0-301F-11D3-BF4B-00C04F79EFBC}") = "Estudoscsharp", "Estudoscsharp\Estudoscsharp.csproj", "{077BBDCD-78A6-4363-BC6A-DDEAC34228D6}"
EndProject
Global
	GlobalSection(SolutionConfigurationPlatforms) = preSolution
		Debug|Any CPU = Debug|Any CPU
		Release|Any CPU = Release|Any CPU
	EndGlobalSection
	GlobalSection(ProjectConfigurationPlatforms) = postSolution
		{077BBDCD-78A6-4363-BC6A-DDEAC34228D6}.Debug|Any CPU.ActiveCfg = Debug|Any CPU
		{077BBDCD-78A6-4363-BC6A-DDEAC34228D6}.Debug|Any CPU.Build.0 = Debug|Any CPU
		{077BBDCD-78A6-4363-BC6A-DDEAC34228D6}.Release|Any CPU.ActiveCfg = Release|Any CPU
		{077BBDCD-78A6-4363-BC6A-DDEAC34228D6}.Release|Any CPU.Build.0 = Release|Any CPU
	EndGlobalSection
	GlobalSection(SolutionProperties) = preSolution
		HideSolutionNode = FALSE
	EndGlobalSection
	GlobalSection(ExtensibilityGlobals) = postSolution
		SolutionGuid = {68750458-9B24-4F62-B961-7A11C1D9D251}
	EndGlobalSection
EndGlobal
